
Microsoft Visual Studio Solution File, Format Version 12.00
# Visual Studio Version 17
VisualStudioVersion = 17.0.31903.59
MinimumVisualStudioVersion = 10.0.40219.1
Project("{FAE04EC0-301F-11D3-BF4B-00C04F79EFBC}") = "WebPageChangeMonitor.Api", "src\WebPageChangeMonitor.Api\WebPageChangeMonitor.Api.csproj", "{15140228-E60D-4C3F-B385-7BD935F27EF6}"
EndProject
Project("{FAE04EC0-301F-11D3-BF4B-00C04F79EFBC}") = "WebPageChangeMonitor.Services", "src\WebPageChangeMonitor.Services\WebPageChangeMonitor.Services.csproj", "{9ECA0ED7-E415-45D8-8F6F-120EE4B8EA75}"
EndProject
Project("{FAE04EC0-301F-11D3-BF4B-00C04F79EFBC}") = "WebPageChangeMonitor.Models", "src\WebPageChangeMonitor.Models\WebPageChangeMonitor.Models.csproj", "{3BA748EF-EA1D-49D6-9704-7325A6043103}"
EndProject
Project("{FAE04EC0-301F-11D3-BF4B-00C04F79EFBC}") = "WebPageChangeMonitor.Data", "src\WebPageChangeMonitor.Data\WebPageChangeMonitor.Data.csproj", "{C84E0F99-4019-4A2A-9AEB-2C03F21153E2}"
EndProject
Project("{FAE04EC0-301F-11D3-BF4B-00C04F79EFBC}") = "WebPageChangeMonitor.Common", "src\WebPageChangeMonitor.Common\WebPageChangeMonitor.Common.csproj", "{0C686930-E8D6-4A6F-BDB7-42FFBE4686B1}"
EndProject
Project("{FAE04EC0-301F-11D3-BF4B-00C04F79EFBC}") = "WebPageChangeMonitor.Services.Tests", "tests\WebPageChangeMonitor.Services.Tests\WebPageChangeMonitor.Services.Tests.csproj", "{A5242C20-0BE8-428D-B7A6-D641C114D2E9}"
EndProject
Project("{FAE04EC0-301F-11D3-BF4B-00C04F79EFBC}") = "WebPageChangeMonitor.Api.Tests", "tests\WebPageChangeMonitor.Api.Tests\WebPageChangeMonitor.Api.Tests.csproj", "{7EB45E03-1E31-4EBB-A19E-9F3BAEBBAEDB}"
EndProject
Project("{FAE04EC0-301F-11D3-BF4B-00C04F79EFBC}") = "WebDiffy.UI", "src\WebDiffy.UI\WebDiffy.UI.csproj", "{7BCDAE24-995E-4F8A-82C9-A7341171DD18}"
EndProject
Global
	GlobalSection(SolutionConfigurationPlatforms) = preSolution
		Debug|Any CPU = Debug|Any CPU
		Debug|x64 = Debug|x64
		Debug|x86 = Debug|x86
		Release|Any CPU = Release|Any CPU
		Release|x64 = Release|x64
		Release|x86 = Release|x86
	EndGlobalSection
	GlobalSection(ProjectConfigurationPlatforms) = postSolution
		{15140228-E60D-4C3F-B385-7BD935F27EF6}.Debug|Any CPU.ActiveCfg = Debug|Any CPU
		{15140228-E60D-4C3F-B385-7BD935F27EF6}.Debug|Any CPU.Build.0 = Debug|Any CPU
		{15140228-E60D-4C3F-B385-7BD935F27EF6}.Debug|x64.ActiveCfg = Debug|Any CPU
		{15140228-E60D-4C3F-B385-7BD935F27EF6}.Debug|x64.Build.0 = Debug|Any CPU
		{15140228-E60D-4C3F-B385-7BD935F27EF6}.Debug|x86.ActiveCfg = Debug|Any CPU
		{15140228-E60D-4C3F-B385-7BD935F27EF6}.Debug|x86.Build.0 = Debug|Any CPU
		{15140228-E60D-4C3F-B385-7BD935F27EF6}.Release|Any CPU.ActiveCfg = Release|Any CPU
		{15140228-E60D-4C3F-B385-7BD935F27EF6}.Release|Any CPU.Build.0 = Release|Any CPU
		{15140228-E60D-4C3F-B385-7BD935F27EF6}.Release|x64.ActiveCfg = Release|Any CPU
		{15140228-E60D-4C3F-B385-7BD935F27EF6}.Release|x64.Build.0 = Release|Any CPU
		{15140228-E60D-4C3F-B385-7BD935F27EF6}.Release|x86.ActiveCfg = Release|Any CPU
		{15140228-E60D-4C3F-B385-7BD935F27EF6}.Release|x86.Build.0 = Release|Any CPU
		{9ECA0ED7-E415-45D8-8F6F-120EE4B8EA75}.Debug|Any CPU.ActiveCfg = Debug|Any CPU
		{9ECA0ED7-E415-45D8-8F6F-120EE4B8EA75}.Debug|Any CPU.Build.0 = Debug|Any CPU
		{9ECA0ED7-E415-45D8-8F6F-120EE4B8EA75}.Debug|x64.ActiveCfg = Debug|Any CPU
		{9ECA0ED7-E415-45D8-8F6F-120EE4B8EA75}.Debug|x64.Build.0 = Debug|Any CPU
		{9ECA0ED7-E415-45D8-8F6F-120EE4B8EA75}.Debug|x86.ActiveCfg = Debug|Any CPU
		{9ECA0ED7-E415-45D8-8F6F-120EE4B8EA75}.Debug|x86.Build.0 = Debug|Any CPU
		{9ECA0ED7-E415-45D8-8F6F-120EE4B8EA75}.Release|Any CPU.ActiveCfg = Release|Any CPU
		{9ECA0ED7-E415-45D8-8F6F-120EE4B8EA75}.Release|Any CPU.Build.0 = Release|Any CPU
		{9ECA0ED7-E415-45D8-8F6F-120EE4B8EA75}.Release|x64.ActiveCfg = Release|Any CPU
		{9ECA0ED7-E415-45D8-8F6F-120EE4B8EA75}.Release|x64.Build.0 = Release|Any CPU
		{9ECA0ED7-E415-45D8-8F6F-120EE4B8EA75}.Release|x86.ActiveCfg = Release|Any CPU
		{9ECA0ED7-E415-45D8-8F6F-120EE4B8EA75}.Release|x86.Build.0 = Release|Any CPU
		{3BA748EF-EA1D-49D6-9704-7325A6043103}.Debug|Any CPU.ActiveCfg = Debug|Any CPU
		{3BA748EF-EA1D-49D6-9704-7325A6043103}.Debug|Any CPU.Build.0 = Debug|Any CPU
		{3BA748EF-EA1D-49D6-9704-7325A6043103}.Debug|x64.ActiveCfg = Debug|Any CPU
		{3BA748EF-EA1D-49D6-9704-7325A6043103}.Debug|x64.Build.0 = Debug|Any CPU
		{3BA748EF-EA1D-49D6-9704-7325A6043103}.Debug|x86.ActiveCfg = Debug|Any CPU
		{3BA748EF-EA1D-49D6-9704-7325A6043103}.Debug|x86.Build.0 = Debug|Any CPU
		{3BA748EF-EA1D-49D6-9704-7325A6043103}.Release|Any CPU.ActiveCfg = Release|Any CPU
		{3BA748EF-EA1D-49D6-9704-7325A6043103}.Release|Any CPU.Build.0 = Release|Any CPU
		{3BA748EF-EA1D-49D6-9704-7325A6043103}.Release|x64.ActiveCfg = Release|Any CPU
		{3BA748EF-EA1D-49D6-9704-7325A6043103}.Release|x64.Build.0 = Release|Any CPU
		{3BA748EF-EA1D-49D6-9704-7325A6043103}.Release|x86.ActiveCfg = Release|Any CPU
		{3BA748EF-EA1D-49D6-9704-7325A6043103}.Release|x86.Build.0 = Release|Any CPU
		{C84E0F99-4019-4A2A-9AEB-2C03F21153E2}.Debug|Any CPU.ActiveCfg = Debug|Any CPU
		{C84E0F99-4019-4A2A-9AEB-2C03F21153E2}.Debug|Any CPU.Build.0 = Debug|Any CPU
		{C84E0F99-4019-4A2A-9AEB-2C03F21153E2}.Debug|x64.ActiveCfg = Debug|Any CPU
		{C84E0F99-4019-4A2A-9AEB-2C03F21153E2}.Debug|x64.Build.0 = Debug|Any CPU
		{C84E0F99-4019-4A2A-9AEB-2C03F21153E2}.Debug|x86.ActiveCfg = Debug|Any CPU
		{C84E0F99-4019-4A2A-9AEB-2C03F21153E2}.Debug|x86.Build.0 = Debug|Any CPU
		{C84E0F99-4019-4A2A-9AEB-2C03F21153E2}.Release|Any CPU.ActiveCfg = Release|Any CPU
		{C84E0F99-4019-4A2A-9AEB-2C03F21153E2}.Release|Any CPU.Build.0 = Release|Any CPU
		{C84E0F99-4019-4A2A-9AEB-2C03F21153E2}.Release|x64.ActiveCfg = Release|Any CPU
		{C84E0F99-4019-4A2A-9AEB-2C03F21153E2}.Release|x64.Build.0 = Release|Any CPU
		{C84E0F99-4019-4A2A-9AEB-2C03F21153E2}.Release|x86.ActiveCfg = Release|Any CPU
		{C84E0F99-4019-4A2A-9AEB-2C03F21153E2}.Release|x86.Build.0 = Release|Any CPU
		{0C686930-E8D6-4A6F-BDB7-42FFBE4686B1}.Debug|Any CPU.ActiveCfg = Debug|Any CPU
		{0C686930-E8D6-4A6F-BDB7-42FFBE4686B1}.Debug|Any CPU.Build.0 = Debug|Any CPU
		{0C686930-E8D6-4A6F-BDB7-42FFBE4686B1}.Debug|x64.ActiveCfg = Debug|Any CPU
		{0C686930-E8D6-4A6F-BDB7-42FFBE4686B1}.Debug|x64.Build.0 = Debug|Any CPU
		{0C686930-E8D6-4A6F-BDB7-42FFBE4686B1}.Debug|x86.ActiveCfg = Debug|Any CPU
		{0C686930-E8D6-4A6F-BDB7-42FFBE4686B1}.Debug|x86.Build.0 = Debug|Any CPU
		{0C686930-E8D6-4A6F-BDB7-42FFBE4686B1}.Release|Any CPU.ActiveCfg = Release|Any CPU
		{0C686930-E8D6-4A6F-BDB7-42FFBE4686B1}.Release|Any CPU.Build.0 = Release|Any CPU
		{0C686930-E8D6-4A6F-BDB7-42FFBE4686B1}.Release|x64.ActiveCfg = Release|Any CPU
		{0C686930-E8D6-4A6F-BDB7-42FFBE4686B1}.Release|x64.Build.0 = Release|Any CPU
		{0C686930-E8D6-4A6F-BDB7-42FFBE4686B1}.Release|x86.ActiveCfg = Release|Any CPU
		{0C686930-E8D6-4A6F-BDB7-42FFBE4686B1}.Release|x86.Build.0 = Release|Any CPU
		{A5242C20-0BE8-428D-B7A6-D641C114D2E9}.Debug|Any CPU.ActiveCfg = Debug|Any CPU
		{A5242C20-0BE8-428D-B7A6-D641C114D2E9}.Debug|Any CPU.Build.0 = Debug|Any CPU
		{A5242C20-0BE8-428D-B7A6-D641C114D2E9}.Debug|x64.ActiveCfg = Debug|Any CPU
		{A5242C20-0BE8-428D-B7A6-D641C114D2E9}.Debug|x64.Build.0 = Debug|Any CPU
		{A5242C20-0BE8-428D-B7A6-D641C114D2E9}.Debug|x86.ActiveCfg = Debug|Any CPU
		{A5242C20-0BE8-428D-B7A6-D641C114D2E9}.Debug|x86.Build.0 = Debug|Any CPU
		{A5242C20-0BE8-428D-B7A6-D641C114D2E9}.Release|Any CPU.ActiveCfg = Release|Any CPU
		{A5242C20-0BE8-428D-B7A6-D641C114D2E9}.Release|Any CPU.Build.0 = Release|Any CPU
		{A5242C20-0BE8-428D-B7A6-D641C114D2E9}.Release|x64.ActiveCfg = Release|Any CPU
		{A5242C20-0BE8-428D-B7A6-D641C114D2E9}.Release|x64.Build.0 = Release|Any CPU
		{A5242C20-0BE8-428D-B7A6-D641C114D2E9}.Release|x86.ActiveCfg = Release|Any CPU
		{A5242C20-0BE8-428D-B7A6-D641C114D2E9}.Release|x86.Build.0 = Release|Any CPU
		{7EB45E03-1E31-4EBB-A19E-9F3BAEBBAEDB}.Debug|Any CPU.ActiveCfg = Debug|Any CPU
		{7EB45E03-1E31-4EBB-A19E-9F3BAEBBAEDB}.Debug|Any CPU.Build.0 = Debug|Any CPU
		{7EB45E03-1E31-4EBB-A19E-9F3BAEBBAEDB}.Debug|x64.ActiveCfg = Debug|Any CPU
		{7EB45E03-1E31-4EBB-A19E-9F3BAEBBAEDB}.Debug|x64.Build.0 = Debug|Any CPU
		{7EB45E03-1E31-4EBB-A19E-9F3BAEBBAEDB}.Debug|x86.ActiveCfg = Debug|Any CPU
		{7EB45E03-1E31-4EBB-A19E-9F3BAEBBAEDB}.Debug|x86.Build.0 = Debug|Any CPU
		{7EB45E03-1E31-4EBB-A19E-9F3BAEBBAEDB}.Release|Any CPU.ActiveCfg = Release|Any CPU
		{7EB45E03-1E31-4EBB-A19E-9F3BAEBBAEDB}.Release|Any CPU.Build.0 = Release|Any CPU
		{7EB45E03-1E31-4EBB-A19E-9F3BAEBBAEDB}.Release|x64.ActiveCfg = Release|Any CPU
		{7EB45E03-1E31-4EBB-A19E-9F3BAEBBAEDB}.Release|x64.Build.0 = Release|Any CPU
		{7EB45E03-1E31-4EBB-A19E-9F3BAEBBAEDB}.Release|x86.ActiveCfg = Release|Any CPU
		{7EB45E03-1E31-4EBB-A19E-9F3BAEBBAEDB}.Release|x86.Build.0 = Release|Any CPU
		{7BCDAE24-995E-4F8A-82C9-A7341171DD18}.Debug|Any CPU.ActiveCfg = Debug|Any CPU
		{7BCDAE24-995E-4F8A-82C9-A7341171DD18}.Debug|Any CPU.Build.0 = Debug|Any CPU
		{7BCDAE24-995E-4F8A-82C9-A7341171DD18}.Debug|x64.ActiveCfg = Debug|Any CPU
		{7BCDAE24-995E-4F8A-82C9-A7341171DD18}.Debug|x64.Build.0 = Debug|Any CPU
		{7BCDAE24-995E-4F8A-82C9-A7341171DD18}.Debug|x86.ActiveCfg = Debug|Any CPU
		{7BCDAE24-995E-4F8A-82C9-A7341171DD18}.Debug|x86.Build.0 = Debug|Any CPU
		{7BCDAE24-995E-4F8A-82C9-A7341171DD18}.Release|Any CPU.ActiveCfg = Release|Any CPU
		{7BCDAE24-995E-4F8A-82C9-A7341171DD18}.Release|Any CPU.Build.0 = Release|Any CPU
		{7BCDAE24-995E-4F8A-82C9-A7341171DD18}.Release|x64.ActiveCfg = Release|Any CPU
		{7BCDAE24-995E-4F8A-82C9-A7341171DD18}.Release|x64.Build.0 = Release|Any CPU
		{7BCDAE24-995E-4F8A-82C9-A7341171DD18}.Release|x86.ActiveCfg = Release|Any CPU
		{7BCDAE24-995E-4F8A-82C9-A7341171DD18}.Release|x86.Build.0 = Release|Any CPU
	EndGlobalSection
	GlobalSection(SolutionProperties) = preSolution
		HideSolutionNode = FALSE
	EndGlobalSection
EndGlobal
